<?xml version="1.0" encoding="utf-8"?>
<Project ToolsVersion="4.0" xmlns="http://schemas.microsoft.com/developer/msbuild/2003">
  <ItemGroup>
    <Filter Include="Source Files">
      <UniqueIdentifier>{4FC737F1-C7A5-4376-A066-2A32D752A2FF}</UniqueIdentifier>
      <Extensions>cpp;c;cc;cxx;def;odl;idl;hpj;bat;asm;asmx</Extensions>
    </Filter>
    <Filter Include="Header Files">
      <UniqueIdentifier>{93995380-89BD-4b04-88EB-625FBE52EBFB}</UniqueIdentifier>
      <Extensions>h;hh;hpp;hxx;hm;inl;inc;xsd</Extensions>
    </Filter>
    <Filter Include="Resource Files">
      <UniqueIdentifier>{67DA6AB6-F800-4c08-8B7A-83BB121AAD01}</UniqueIdentifier>
      <Extensions>rc;ico;cur;bmp;dlg;rc2;rct;bin;rgs;gif;jpg;jpeg;jpe;resx;tiff;tif;png;wav;mfcribbon-ms</Extensions>
    </Filter>
    <Filter Include="Source Files\Model">
      <UniqueIdentifier>{0212998d-a6bd-4255-9b6c-1dc41ea90f50}</UniqueIdentifier>
    </Filter>
    <Filter Include="Source Files\View">
      <UniqueIdentifier>{ec207b0c-ea36-46a0-8feb-2dd3215d3df9}</UniqueIdentifier>
    </Filter>
    <Filter Include="Source Files\Presenter">
      <UniqueIdentifier>{98ba1d03-e6f8-4e79-bdab-dbd4ff40df9e}</UniqueIdentifier>
    </Filter>
    <Filter Include="Source Files\Presenter\Utils">
      <UniqueIdentifier>{66057fc3-d8dd-48ff-91ca-689d05fc5364}</UniqueIdentifier>
    </Filter>
    <Filter Include="Source Files\Model\Utils">
      <UniqueIdentifier>{d8c6bae1-ddd6-454c-8784-7f08866621e7}</UniqueIdentifier>
    </Filter>
  </ItemGroup>
  <ItemGroup>
    <ClCompile Include="main.cpp">
      <Filter>Source Files</Filter>
    </ClCompile>
    <ClCompile Include="Model\EditControlModel.cpp">
      <Filter>Source Files\Model</Filter>
    </ClCompile>
    <ClCompile Include="Model\ExprControlModel.cpp">
      <Filter>Source Files\Model</Filter>
    </ClCompile>
    <ClCompile Include="Model\FracControlModel.cpp">
      <Filter>Source Files\Model</Filter>
    </ClCompile>
    <ClCompile Include="Presenter\EquationPresenter.cpp">
      <Filter>Source Files\Presenter</Filter>
    </ClCompile>
    <ClCompile Include="View\EquationEditorWindow.cpp">
      <Filter>Source Files\View</Filter>
    </ClCompile>
    <ClCompile Include="Model\DegrControlModel.cpp">
      <Filter>Source Files\Model</Filter>
    </ClCompile>
    <ClCompile Include="Presenter\Utils\TreeBfsProcessor.cpp">
      <Filter>Source Files\Presenter\Utils</Filter>
    </ClCompile>
    <ClCompile Include="Presenter\Utils\TreeDfsProcessor.cpp">
      <Filter>Source Files\Presenter\Utils</Filter>
    </ClCompile>
    <ClCompile Include="Model\Utils\Rect.cpp">
      <Filter>Source Files\Model\Utils</Filter>
    </ClCompile>
    <ClCompile Include="Model\Utils\Line.cpp">
      <Filter>Source Files\Model\Utils</Filter>
    </ClCompile>
    <ClCompile Include="Model\Utils\Caret.cpp">
      <Filter>Source Files\Model\Utils</Filter>
    </ClCompile>
    <ClCompile Include="Model\SubscriptControlModel.cpp">
      <Filter>Source Files\Model</Filter>
    </ClCompile>
    <ClCompile Include="Model\RadicalControlModel.cpp">
      <Filter>Source Files\Model</Filter>
    </ClCompile>
    <ClCompile Include="Application.cpp">
      <Filter>Source Files</Filter>
    </ClCompile>
    <ClCompile Include="CommandHandler.cpp">
      <Filter>Source Files</Filter>
    </ClCompile>
    <ClCompile Include="RibbonFramework.cpp">
      <Filter>Source Files</Filter>
    </ClCompile>
    <ClCompile Include="Model\ParenthesesControlModel.cpp">
      <Filter>Source Files\Model</Filter>
    </ClCompile>
    <ClCompile Include="Model\ProductControlModel.cpp">
      <Filter>Source Files\Model</Filter>
    </ClCompile>
    <ClCompile Include="Model\SumControlModel.cpp">
      <Filter>Source Files\Model</Filter>
    </ClCompile>
    <ClCompile Include="View\MainWindow.cpp">
      <Filter>Source Files\View</Filter>
    </ClCompile>
    <ClCompile Include="Model\SystemControlModel.cpp">
      <Filter>Source Files\Model</Filter>
    </ClCompile>
    <ClCompile Include="Model\IBracketsModel.cpp">
      <Filter>Source Files\Model</Filter>
    </ClCompile>
    <ClCompile Include="Model\SquareBracketsControlModel.cpp">
      <Filter>Source Files\Model</Filter>
    </ClCompile>
    <ClCompile Include="Model\BracesControlModel.cpp">
      <Filter>Source Files\Model</Filter>
    </ClCompile>
  </ItemGroup>
  <ItemGroup>
    <ClInclude Include="Model\EditControlModel.h">
      <Filter>Source Files\Model</Filter>
    </ClInclude>
    <ClInclude Include="Model\ExprControlModel.h">
      <Filter>Source Files\Model</Filter>
    </ClInclude>
    <ClInclude Include="Model\FracControlModel.h">
      <Filter>Source Files\Model</Filter>
    </ClInclude>
    <ClInclude Include="Model\IBaseExprModel.h">
      <Filter>Source Files\Model</Filter>
    </ClInclude>
    <ClInclude Include="Presenter\EquationPresenter.h">
      <Filter>Source Files\Presenter</Filter>
    </ClInclude>
    <ClInclude Include="View\EquationEditorWindow.h">
      <Filter>Source Files\View</Filter>
    </ClInclude>
    <ClInclude Include="resource.h">
      <Filter>Header Files</Filter>
    </ClInclude>
    <ClInclude Include="Model\DegrControlModel.h">
      <Filter>Source Files\Model</Filter>
    </ClInclude>
    <ClInclude Include="Presenter\Utils\TreeBfsProcessor.h">
      <Filter>Source Files\Presenter\Utils</Filter>
    </ClInclude>
    <ClInclude Include="Presenter\Utils\TreeDfsProcessor.h">
      <Filter>Source Files\Presenter\Utils</Filter>
    </ClInclude>
    <ClInclude Include="Model\Utils\Rect.h">
      <Filter>Source Files\Model\Utils</Filter>
    </ClInclude>
    <ClInclude Include="Model\Utils\Line.h">
      <Filter>Source Files\Model\Utils</Filter>
    </ClInclude>
    <ClInclude Include="Model\Utils\Caret.h">
      <Filter>Source Files\Model\Utils</Filter>
    </ClInclude>
    <ClInclude Include="Model\SubscriptControlModel.h">
      <Filter>Source Files\Model</Filter>
    </ClInclude>
    <ClInclude Include="Model\RadicalControlModel.h">
      <Filter>Source Files\Model</Filter>
    </ClInclude>
    <ClInclude Include="Application.h">
      <Filter>Header Files</Filter>
    </ClInclude>
    <ClInclude Include="CommandHandler.h">
      <Filter>Header Files</Filter>
    </ClInclude>
    <ClInclude Include="RibbonFramework.h">
      <Filter>Header Files</Filter>
    </ClInclude>
    <ClInclude Include="Model\ParenthesesControlModel.h">
      <Filter>Source Files\Model</Filter>
    </ClInclude>
    <ClInclude Include="Model\ProductControlModel.h">
      <Filter>Source Files\Model</Filter>
    </ClInclude>
    <ClInclude Include="Model\SumControlModel.h">
      <Filter>Source Files\Model</Filter>
    </ClInclude>
    <ClInclude Include="View\MainWindow.h">
      <Filter>Source Files\View</Filter>
    </ClInclude>
    <ClInclude Include="Model\SystemControlModel.h">
      <Filter>Source Files\Model</Filter>
    </ClInclude>
    <ClInclude Include="Model\IBracketsModel.h">
      <Filter>Source Files\Model</Filter>
    </ClInclude>
    <ClInclude Include="Model\SquareBracketsControlModel.h">
      <Filter>Source Files\Model</Filter>
    </ClInclude>
    <ClInclude Include="Model\BracesControlModel.h">
      <Filter>Source Files\Model</Filter>
    </ClInclude>
    <ClInclude Include="RibbonIDs.h">
      <Filter>Header Files</Filter>
    </ClInclude>
  </ItemGroup>
  <ItemGroup>
    <ResourceCompile Include="EquationEditor.rc">
      <Filter>Resource Files</Filter>
    </ResourceCompile>
    <ResourceCompile Include="RibbonResource.rc">
      <Filter>Resource Files</Filter>
    </ResourceCompile>
  </ItemGroup>
  <ItemGroup>
    <Image Include="icon.ico">
      <Filter>Resource Files</Filter>
    </Image>
  </ItemGroup>
  <ItemGroup>
    <Xml Include="RibbonMarkup.xml" />
  </ItemGroup>
</Project>